
Microsoft Visual Studio Solution File, Format Version 12.00
# Visual Studio Version 17
VisualStudioVersion = 17.13.35825.156 d17.13
MinimumVisualStudioVersion = 10.0.40219.1
Project("{FAE04EC0-301F-11D3-BF4B-00C04F79EFBC}") = "ODataWebAPI", "ODataWebAPI\ODataWebAPI.csproj", "{5624EF8C-90A3-41FF-B22A-74DA30FB2C46}"
EndProject
Global
	GlobalSection(SolutionConfigurationPlatforms) = preSolution
		Debug|Any CPU = Debug|Any CPU
		Release|Any CPU = Release|Any CPU
	EndGlobalSection
	GlobalSection(ProjectConfigurationPlatforms) = postSolution
		{5624EF8C-90A3-41FF-B22A-74DA30FB2C46}.Debug|Any CPU.ActiveCfg = Debug|Any CPU
		{5624EF8C-90A3-41FF-B22A-74DA30FB2C46}.Debug|Any CPU.Build.0 = Debug|Any CPU
		{5624EF8C-90A3-41FF-B22A-74DA30FB2C46}.Release|Any CPU.ActiveCfg = Release|Any CPU
		{5624EF8C-90A3-41FF-B22A-74DA30FB2C46}.Release|Any CPU.Build.0 = Release|Any CPU
	EndGlobalSection
	GlobalSection(SolutionProperties) = preSolution
		HideSolutionNode = FALSE
	EndGlobalSection
	GlobalSection(ExtensibilityGlobals) = postSolution
		SolutionGuid = {DEF3BA05-F7B8-488D-A09C-2BDD9E7CD0CF}
	EndGlobalSection
EndGlobal
